
Microsoft Visual Studio Solution File, Format Version 12.00
# Visual Studio 2013
VisualStudioVersion = 12.0.0.0
MinimumVisualStudioVersion = 10.0.0.1
Project("{2150E333-8FDC-42A3-9474-1A3956D46DE8}") = "problems-solved", "problems-solved", "{CB307D0E-CFAC-4BA3-BE1B-9C5C2A0929A0}"
EndProject
Project("{FAE04EC0-301F-11D3-BF4B-00C04F79EFBC}") = "WordLadder2", "problems\0126_WordLadder2\WordLadder2.csproj", "{CE9CF055-04C1-4A05-8D93-AC16323BCBA0}"
EndProject
Project("{FAE04EC0-301F-11D3-BF4B-00C04F79EFBC}") = "Quiz24Game", "problems\0679_24Game\24Game.csproj", "{61490EA5-1790-4F57-B7E6-A0A966FB4C33}"
EndProject
Project("{FAE04EC0-301F-11D3-BF4B-00C04F79EFBC}") = "AddTwoNumbers", "problems\0002_AddTwoNumbers\AddTwoNumbers.csproj", "{C04A475D-00A2-4F87-B111-A0108CFAFA15}"
EndProject
Project("{FAE04EC0-301F-11D3-BF4B-00C04F79EFBC}") = "StringToInteger", "problems\0008_StringToInteger\StringToInteger.csproj", "{04CFEB9D-63E6-4748-A35C-2A93F6BE297A}"
EndProject
Project("{FAE04EC0-301F-11D3-BF4B-00C04F79EFBC}") = "ShiftingLetters", "problems\0848_ShiftingLetters\ShiftingLetters.csproj", "{FB686E2F-86B5-43BE-8B02-2EA04B15F6D4}"
EndProject
Project("{FAE04EC0-301F-11D3-BF4B-00C04F79EFBC}") = "PrimePalindrome", "problems\0866_PrimePalindrome\PrimePalindrome.csproj", "{38E5CE51-76A9-40D7-9F3F-673360B64482}"
EndProject
Project("{FAE04EC0-301F-11D3-BF4B-00C04F79EFBC}") = "PrintInOrder", "problems\1114_PrintInOrder\PrintInOrder.csproj", "{7562C8D6-273D-498F-B253-B8CAD47E0E97}"
EndProject
Project("{FAE04EC0-301F-11D3-BF4B-00C04F79EFBC}") = "MyCalendarTwo", "problems\0731_MyCalendarTwo\MyCalendarTwo.csproj", "{9995FCD5-B308-4BEA-9A23-2C51D5C6AF8A}"
EndProject
Project("{2150E333-8FDC-42A3-9474-1A3956D46DE8}") = "problems-not-solved", "problems-not-solved", "{4A003753-E9E9-4FF6-B636-9C9644C4C509}"
EndProject
Project("{FAE04EC0-301F-11D3-BF4B-00C04F79EFBC}") = "MyCalendarThree", "problems\0732_MyCalendarThree\MyCalendarThree.csproj", "{94F84353-8749-47DA-9D46-F24B7CD0EF01}"
EndProject
Project("{FAE04EC0-301F-11D3-BF4B-00C04F79EFBC}") = "MyCalendar", "problems\0729_MyCalendar\MyCalendar.csproj", "{B420A5D1-0F5A-443E-9006-8BCD49628E6B}"
EndProject
Project("{FAE04EC0-301F-11D3-BF4B-00C04F79EFBC}") = "FactorialTrailingZeroes", "problems\0172_FactorialTrailingZeroes\FactorialTrailingZeroes.csproj", "{989C45DD-11F8-431B-850D-CC5952B24892}"
EndProject
Project("{FAE04EC0-301F-11D3-BF4B-00C04F79EFBC}") = "MaxPoints", "problems\0149_MaxPoints\MaxPoints.csproj", "{175BA581-01DC-4CCA-9A77-0C45C654EF11}"
EndProject
Project("{FAE04EC0-301F-11D3-BF4B-00C04F79EFBC}") = "SolveEquation", "problems\0640_SolveEquation\SolveEquation.csproj", "{3D76200D-D9DC-4867-B43D-749F6F359C90}"
EndProject
Project("{FAE04EC0-301F-11D3-BF4B-00C04F79EFBC}") = "RussianDollEnvelopes", "problems\0354_RussianDollEnvelopes\RussianDollEnvelopes.csproj", "{FD0BF6F5-081D-4064-8A4F-0CB87BBBA281}"
EndProject
Project("{FAE04EC0-301F-11D3-BF4B-00C04F79EFBC}") = "LongestIncreasingSubsequence", "problems\0300_LongestIncreasingSubsequence\LongestIncreasingSubsequence.csproj", "{5B9FEA74-DD6B-4582-A537-533CE25A0715}"
EndProject
Project("{FAE04EC0-301F-11D3-BF4B-00C04F79EFBC}") = "Sqrtx", "problems\0069_Sqrtx\Sqrtx.csproj", "{86F9D0AC-6ED2-4245-9435-042A5984FFB9}"
EndProject
Project("{FAE04EC0-301F-11D3-BF4B-00C04F79EFBC}") = "ValidPerfectSquare", "problems\0367_ValidPerfectSquare\ValidPerfectSquare.csproj", "{029B7B92-DD20-41B4-AA2E-36BA3F1BBCAA}"
EndProject
Project("{FAE04EC0-301F-11D3-BF4B-00C04F79EFBC}") = "Pow", "problems\0050_Pow\Pow.csproj", "{D9194C34-C664-446F-8C14-222C708E865B}"
EndProject
Project("{FAE04EC0-301F-11D3-BF4B-00C04F79EFBC}") = "SuperPow", "problems\0372_SuperPow\SuperPow.csproj", "{E1C511BD-83E9-406A-86B2-193F670015C8}"
EndProject
Project("{FAE04EC0-301F-11D3-BF4B-00C04F79EFBC}") = "LongestSubstringWithoutRepeatingCharacters", "problems\0003_LongestSubstringWithoutRepeatingCharacters\LongestSubstringWithoutRepeatingCharacters.csproj", "{17F9F278-C5D4-4596-9C63-107DF43BD282}"
EndProject
Project("{FAE04EC0-301F-11D3-BF4B-00C04F79EFBC}") = "SortTransformedArray", "problems\0360_SortTransformedArray\SortTransformedArray.csproj", "{ADEAFAE8-9121-42B0-96FC-E83BCAA93A60}"
EndProject
Project("{2150E333-8FDC-42A3-9474-1A3956D46DE8}") = "libs", "libs", "{0DB4C5C5-A8EE-43BA-B74C-5034A809E187}"
EndProject
Project("{FAE04EC0-301F-11D3-BF4B-00C04F79EFBC}") = "TestingHelpers", "libs\TestingHelpers\TestingHelpers.csproj", "{D414B90A-24CC-498C-9A40-07C66917192D}"
EndProject
Project("{FAE04EC0-301F-11D3-BF4B-00C04F79EFBC}") = "StrongPasswordChecker", "problems\0420_StrongPasswordChecker\StrongPasswordChecker.csproj", "{363DEA9E-542A-4ECC-9769-085E7F2827A6}"
EndProject
Project("{FAE04EC0-301F-11D3-BF4B-00C04F79EFBC}") = "SquaresOfSortedArray", "problems\0977_SquaresOfSortedArray\SquaresOfSortedArray.csproj", "{E4B1224F-2785-49AD-BFFC-5BAE120EA57D}"
EndProject
Project("{FAE04EC0-301F-11D3-BF4B-00C04F79EFBC}") = "MergeSortedArray", "problems\0088_MergeSortedArray\MergeSortedArray.csproj", "{08291942-C369-4929-AEC5-B83057FA092A}"
EndProject
Project("{FAE04EC0-301F-11D3-BF4B-00C04F79EFBC}") = "MergeTwoSortedLists", "problems\0021_MergeTwoSortedLists\MergeTwoSortedLists.csproj", "{3BE4FCEA-86E9-4138-8295-146752B2E9B2}"
EndProject
Project("{FAE04EC0-301F-11D3-BF4B-00C04F79EFBC}") = "MergeKSortedLists", "problems\0023_MergeKSortedLists\MergeKSortedLists.csproj", "{04D434FD-A2F0-408E-AA11-5A76C7E987DA}"
EndProject
Project("{FAE04EC0-301F-11D3-BF4B-00C04F79EFBC}") = "CountPrimes", "problems\0204_CountPrimes\CountPrimes.csproj", "{F604DC68-D6CE-4A70-B971-C8F1285BEA99}"
EndProject
Project("{FAE04EC0-301F-11D3-BF4B-00C04F79EFBC}") = "PerfectSquares", "problems\0279_PerfectSquares\PerfectSquares.csproj", "{B4D39D23-2C02-4C1A-A9A1-5D6C78BF1FAF}"
EndProject
Project("{FAE04EC0-301F-11D3-BF4B-00C04F79EFBC}") = "ClumsyFactorial", "problems\1006_ClumsyFactorial\ClumsyFactorial.csproj", "{43CA6E1E-84BE-4D4B-A6E8-381C2F7935F4}"
EndProject
Project("{FAE04EC0-301F-11D3-BF4B-00C04F79EFBC}") = "MaximumSwap", "problems\0670_MaximumSwap\MaximumSwap.csproj", "{76A9585C-04A7-4C23-8CCC-98BF2532A1F7}"
EndProject
Project("{FAE04EC0-301F-11D3-BF4B-00C04F79EFBC}") = "ExcelSheetColumnTitle", "problems\0168_ExcelSheetColumnTitle\ExcelSheetColumnTitle.csproj", "{1D7DCC83-6E4D-4C62-BBAF-C4DAB856FE23}"
EndProject
Project("{FAE04EC0-301F-11D3-BF4B-00C04F79EFBC}") = "ExcelSheetColumnNumber", "problems\0171_ExcelSheetColumnNumber\ExcelSheetColumnNumber.csproj", "{1BDFAF58-EC3C-491E-813A-3F7EFCEDA25B}"
EndProject
Project("{FAE04EC0-301F-11D3-BF4B-00C04F79EFBC}") = "SelfDividingNumbers", "problems\0728_SelfDividingNumbers\SelfDividingNumbers.csproj", "{B0426110-793E-4800-8C90-EB51437AD0FA}"
EndProject
Project("{FAE04EC0-301F-11D3-BF4B-00C04F79EFBC}") = "LargestTimeForGivenDigits", "problems\0949_LargestTimeForGivenDigits\LargestTimeForGivenDigits.csproj", "{87AF8B14-DD09-45CD-A7E7-8DA063BE420C}"
EndProject
Project("{FAE04EC0-301F-11D3-BF4B-00C04F79EFBC}") = "AlgorithmLib", "libs\AlgorithmLib\AlgorithmLib.csproj", "{6AC35F8A-F700-4A05-B02F-420F50856C83}"
EndProject
Project("{FAE04EC0-301F-11D3-BF4B-00C04F79EFBC}") = "AddBinary", "problems\0067_AddBinary\AddBinary.csproj", "{352AA7A1-ADA9-48F6-9885-6C54BF62C8A0}"
EndProject
Project("{FAE04EC0-301F-11D3-BF4B-00C04F79EFBC}") = "AddStrings", "problems\0415_AddStrings\AddStrings.csproj", "{5BA422E4-4DCA-4EEE-8C76-934C7DCDB991}"
EndProject
Project("{FAE04EC0-301F-11D3-BF4B-00C04F79EFBC}") = "MultiplyStrings", "problems\0043_MultiplyStrings\MultiplyStrings.csproj", "{76439CDB-C6E5-4343-811E-8C03FE341EA0}"
EndProject
Project("{FAE04EC0-301F-11D3-BF4B-00C04F79EFBC}") = "TwoSum", "problems\0001_TwoSum\TwoSum.csproj", "{C394D96F-585C-4B97-B989-1F9DD6A92113}"
EndProject
Project("{FAE04EC0-301F-11D3-BF4B-00C04F79EFBC}") = "PlusOne", "problems\0066_PlusOne\PlusOne.csproj", "{12B9FE9B-34FC-4065-8D75-4D9A8A5254E1}"
EndProject
Project("{FAE04EC0-301F-11D3-BF4B-00C04F79EFBC}") = "SingleNumber", "problems\0136_SingleNumber\SingleNumber.csproj", "{9CCE7366-A6BA-4737-A116-0C6E91404C2E}"
EndProject
Project("{FAE04EC0-301F-11D3-BF4B-00C04F79EFBC}") = "FindDuplicateNumber", "problems\0287_FindDuplicateNumber\FindDuplicateNumber.csproj", "{E5AA0367-B4DE-4B7D-AA0D-819962FABADE}"
EndProject
Project("{FAE04EC0-301F-11D3-BF4B-00C04F79EFBC}") = "HappyNumber", "problems\0202_HappyNumber\HappyNumber.csproj", "{558D41BC-71B7-4EE5-85C9-2819FFFD0791}"
EndProject
Project("{FAE04EC0-301F-11D3-BF4B-00C04F79EFBC}") = "LinkedListCycle", "problems\0141_LinkedListCycle\LinkedListCycle.csproj", "{EF3AAC68-A571-4B3E-8B38-EC8EBE8F32C9}"
EndProject
Project("{FAE04EC0-301F-11D3-BF4B-00C04F79EFBC}") = "LinkedListCycle2", "problems\0142_LinkedListCycle2\LinkedListCycle2.csproj", "{5BABF7A0-7C68-463A-B4C2-365A3564C89B}"
EndProject
Project("{FAE04EC0-301F-11D3-BF4B-00C04F79EFBC}") = "FindDifference", "problems\0389_FindDifference\FindDifference.csproj", "{5AAB794A-7694-40F5-AEB6-B56A34B3950E}"
EndProject
Project("{FAE04EC0-301F-11D3-BF4B-00C04F79EFBC}") = "AddToArrayForm", "problems\0989_AddToArrayForm\AddToArrayForm.csproj", "{2105D255-BA2D-4D54-8A60-5FAF97E37423}"
EndProject
Project("{FAE04EC0-301F-11D3-BF4B-00C04F79EFBC}") = "CanPlaceFlowers", "problems\0605_CanPlaceFlowers\CanPlaceFlowers.csproj", "{E97B8F8E-6568-47C1-AE48-19DE207A85D9}"
EndProject
Project("{FAE04EC0-301F-11D3-BF4B-00C04F79EFBC}") = "TeemoAttacking", "problems\0495_TeemoAttacking\TeemoAttacking.csproj", "{093EA53F-15C5-404B-A259-5B57394EF585}"
EndProject
Project("{FAE04EC0-301F-11D3-BF4B-00C04F79EFBC}") = "Template", "libs\Template\Template.csproj", "{CA5EEE96-A49D-4A9A-8F26-ED0F89007B23}"
EndProject
Project("{FAE04EC0-301F-11D3-BF4B-00C04F79EFBC}") = "AsteroidCollision", "problems\0735_AsteroidCollision\AsteroidCollision.csproj", "{9EAA25A4-F9CD-43D7-972D-1098EDF17B9C}"
EndProject
Project("{FAE04EC0-301F-11D3-BF4B-00C04F79EFBC}") = "DIStringMatch", "problems\0942_DIStringMatch\DIStringMatch.csproj", "{B1062790-A813-4218-BD52-195D05510834}"
EndProject
Project("{FAE04EC0-301F-11D3-BF4B-00C04F79EFBC}") = "RemoveOutermostParentheses", "problems\1021_RemoveOutermostParentheses\RemoveOutermostParentheses.csproj", "{E33F052F-635D-4EDC-87AE-779C07EEF082}"
EndProject
Project("{FAE04EC0-301F-11D3-BF4B-00C04F79EFBC}") = "ReverseSubstringsBetweenEachPairOfParentheses", "problems\1190_ReverseSubstringsBetweenEachPairOfParentheses\ReverseSubstringsBetweenEachPairOfParentheses.csproj", "{7DDF4F9C-EC2F-436C-8E30-CAF47AAFC682}"
EndProject
Project("{FAE04EC0-301F-11D3-BF4B-00C04F79EFBC}") = "BaseballGame", "problems\0682_BaseballGame\BaseballGame.csproj", "{B7257160-C8F4-4600-A3D2-D63C3AEF602B}"
EndProject
Project("{FAE04EC0-301F-11D3-BF4B-00C04F79EFBC}") = "SumOfSubarrayMinimums", "problems\0907_SumOfSubarrayMinimums\SumOfSubarrayMinimums.csproj", "{9A78A6EA-D198-427B-914D-469F17C894F2}"
EndProject
Project("{FAE04EC0-301F-11D3-BF4B-00C04F79EFBC}") = "CrawlerLogFolder", "problems\1598_CrawlerLogFolder\CrawlerLogFolder.csproj", "{1E211521-C733-4816-AA9F-384A5CC253D8}"
EndProject
Project("{FAE04EC0-301F-11D3-BF4B-00C04F79EFBC}") = "BackspaceStringCompare", "problems\0844_BackspaceStringCompare\BackspaceStringCompare.csproj", "{83EE201B-F16F-41C5-8CED-E9B44C83DA63}"
EndProject
Project("{FAE04EC0-301F-11D3-BF4B-00C04F79EFBC}") = "BasicCalculator2", "problems\0227_BasicCalculator2\BasicCalculator2.csproj", "{EC0D765B-85F6-485C-8120-DC3CDF8FD27F}"
EndProject
Project("{FAE04EC0-301F-11D3-BF4B-00C04F79EFBC}") = "ValidParentheses", "problems\0020_ValidParentheses\ValidParentheses.csproj", "{BA899D13-7691-40CD-8BD2-F630C8B7A00E}"
EndProject
Project("{FAE04EC0-301F-11D3-BF4B-00C04F79EFBC}") = "GenerateParentheses", "problems\0022_GenerateParentheses\GenerateParentheses.csproj", "{D0C04978-90A5-4C58-977B-8D5EBF58CC5E}"
EndProject
Project("{FAE04EC0-301F-11D3-BF4B-00C04F79EFBC}") = "CheckIfWordIsValidAfterSubstitutions", "problems\1003_CheckIfWordIsValidAfterSubstitutions\CheckIfWordIsValidAfterSubstitutions.csproj", "{28708375-18C7-4FF7-8416-63D43598F41E}"
EndProject
Project("{FAE04EC0-301F-11D3-BF4B-00C04F79EFBC}") = "LongestValidParentheses", "problems\0032_LongestValidParentheses\LongestValidParentheses.csproj", "{ECBF24CA-7F78-43FB-ABE2-142ACA5CD656}"
EndProject
Global
																																																																GlobalSection(SolutionConfigurationPlatforms) = preSolution
																																																																																																																																Debug|Any CPU = Debug|Any CPU
																																																																																																																																Release|Any CPU = Release|Any CPU
																																																																EndGlobalSection
																																																																GlobalSection(ProjectConfigurationPlatforms) = postSolution
																																																																																																																																{CE9CF055-04C1-4A05-8D93-AC16323BCBA0}.Debug|Any CPU.ActiveCfg = Debug|Any CPU
																																																																																																																																{CE9CF055-04C1-4A05-8D93-AC16323BCBA0}.Debug|Any CPU.Build.0 = Debug|Any CPU
																																																																																																																																{CE9CF055-04C1-4A05-8D93-AC16323BCBA0}.Release|Any CPU.ActiveCfg = Release|Any CPU
																																																																																																																																{CE9CF055-04C1-4A05-8D93-AC16323BCBA0}.Release|Any CPU.Build.0 = Release|Any CPU
																																																																																																																																{61490EA5-1790-4F57-B7E6-A0A966FB4C33}.Debug|Any CPU.ActiveCfg = Debug|Any CPU
																																																																																																																																{61490EA5-1790-4F57-B7E6-A0A966FB4C33}.Debug|Any CPU.Build.0 = Debug|Any CPU
																																																																																																																																{61490EA5-1790-4F57-B7E6-A0A966FB4C33}.Release|Any CPU.ActiveCfg = Release|Any CPU
																																																																																																																																{61490EA5-1790-4F57-B7E6-A0A966FB4C33}.Release|Any CPU.Build.0 = Release|Any CPU
																																																																																																																																{C04A475D-00A2-4F87-B111-A0108CFAFA15}.Debug|Any CPU.ActiveCfg = Debug|Any CPU
																																																																																																																																{C04A475D-00A2-4F87-B111-A0108CFAFA15}.Debug|Any CPU.Build.0 = Debug|Any CPU
																																																																																																																																{C04A475D-00A2-4F87-B111-A0108CFAFA15}.Release|Any CPU.ActiveCfg = Release|Any CPU
																																																																																																																																{C04A475D-00A2-4F87-B111-A0108CFAFA15}.Release|Any CPU.Build.0 = Release|Any CPU
																																																																																																																																{04CFEB9D-63E6-4748-A35C-2A93F6BE297A}.Debug|Any CPU.ActiveCfg = Debug|Any CPU
																																																																																																																																{04CFEB9D-63E6-4748-A35C-2A93F6BE297A}.Debug|Any CPU.Build.0 = Debug|Any CPU
																																																																																																																																{04CFEB9D-63E6-4748-A35C-2A93F6BE297A}.Release|Any CPU.ActiveCfg = Release|Any CPU
																																																																																																																																{04CFEB9D-63E6-4748-A35C-2A93F6BE297A}.Release|Any CPU.Build.0 = Release|Any CPU
																																																																																																																																{FB686E2F-86B5-43BE-8B02-2EA04B15F6D4}.Debug|Any CPU.ActiveCfg = Debug|Any CPU
																																																																																																																																{FB686E2F-86B5-43BE-8B02-2EA04B15F6D4}.Debug|Any CPU.Build.0 = Debug|Any CPU
																																																																																																																																{FB686E2F-86B5-43BE-8B02-2EA04B15F6D4}.Release|Any CPU.ActiveCfg = Release|Any CPU
																																																																																																																																{FB686E2F-86B5-43BE-8B02-2EA04B15F6D4}.Release|Any CPU.Build.0 = Release|Any CPU
																																																																																																																																{38E5CE51-76A9-40D7-9F3F-673360B64482}.Debug|Any CPU.ActiveCfg = Debug|Any CPU
																																																																																																																																{38E5CE51-76A9-40D7-9F3F-673360B64482}.Debug|Any CPU.Build.0 = Debug|Any CPU
																																																																																																																																{38E5CE51-76A9-40D7-9F3F-673360B64482}.Release|Any CPU.ActiveCfg = Release|Any CPU
																																																																																																																																{38E5CE51-76A9-40D7-9F3F-673360B64482}.Release|Any CPU.Build.0 = Release|Any CPU
																																																																																																																																{7562C8D6-273D-498F-B253-B8CAD47E0E97}.Debug|Any CPU.ActiveCfg = Debug|Any CPU
																																																																																																																																{7562C8D6-273D-498F-B253-B8CAD47E0E97}.Debug|Any CPU.Build.0 = Debug|Any CPU
																																																																																																																																{7562C8D6-273D-498F-B253-B8CAD47E0E97}.Release|Any CPU.ActiveCfg = Release|Any CPU
																																																																																																																																{7562C8D6-273D-498F-B253-B8CAD47E0E97}.Release|Any CPU.Build.0 = Release|Any CPU
																																																																																																																																{9995FCD5-B308-4BEA-9A23-2C51D5C6AF8A}.Debug|Any CPU.ActiveCfg = Debug|Any CPU
																																																																																																																																{9995FCD5-B308-4BEA-9A23-2C51D5C6AF8A}.Debug|Any CPU.Build.0 = Debug|Any CPU
																																																																																																																																{9995FCD5-B308-4BEA-9A23-2C51D5C6AF8A}.Release|Any CPU.ActiveCfg = Release|Any CPU
																																																																																																																																{9995FCD5-B308-4BEA-9A23-2C51D5C6AF8A}.Release|Any CPU.Build.0 = Release|Any CPU
																																																																				{94F84353-8749-47DA-9D46-F24B7CD0EF01}.Debug|Any CPU.ActiveCfg = Debug|Any CPU
																																																																				{94F84353-8749-47DA-9D46-F24B7CD0EF01}.Debug|Any CPU.Build.0 = Debug|Any CPU
																																																																				{94F84353-8749-47DA-9D46-F24B7CD0EF01}.Release|Any CPU.ActiveCfg = Release|Any CPU
																																																																				{94F84353-8749-47DA-9D46-F24B7CD0EF01}.Release|Any CPU.Build.0 = Release|Any CPU
																																																																				{B420A5D1-0F5A-443E-9006-8BCD49628E6B}.Debug|Any CPU.ActiveCfg = Debug|Any CPU
																																																																				{B420A5D1-0F5A-443E-9006-8BCD49628E6B}.Debug|Any CPU.Build.0 = Debug|Any CPU
																																																																				{B420A5D1-0F5A-443E-9006-8BCD49628E6B}.Release|Any CPU.ActiveCfg = Release|Any CPU
																																																																				{B420A5D1-0F5A-443E-9006-8BCD49628E6B}.Release|Any CPU.Build.0 = Release|Any CPU
																																																																				{989C45DD-11F8-431B-850D-CC5952B24892}.Debug|Any CPU.ActiveCfg = Debug|Any CPU
																																																																				{989C45DD-11F8-431B-850D-CC5952B24892}.Debug|Any CPU.Build.0 = Debug|Any CPU
																																																																				{989C45DD-11F8-431B-850D-CC5952B24892}.Release|Any CPU.ActiveCfg = Release|Any CPU
																																																																				{989C45DD-11F8-431B-850D-CC5952B24892}.Release|Any CPU.Build.0 = Release|Any CPU
																																																																				{175BA581-01DC-4CCA-9A77-0C45C654EF11}.Debug|Any CPU.ActiveCfg = Debug|Any CPU
																																																																				{175BA581-01DC-4CCA-9A77-0C45C654EF11}.Debug|Any CPU.Build.0 = Debug|Any CPU
																																																																				{175BA581-01DC-4CCA-9A77-0C45C654EF11}.Release|Any CPU.ActiveCfg = Release|Any CPU
																																																																				{175BA581-01DC-4CCA-9A77-0C45C654EF11}.Release|Any CPU.Build.0 = Release|Any CPU
																																																																				{3D76200D-D9DC-4867-B43D-749F6F359C90}.Debug|Any CPU.ActiveCfg = Debug|Any CPU
																																																																				{3D76200D-D9DC-4867-B43D-749F6F359C90}.Debug|Any CPU.Build.0 = Debug|Any CPU
																																																																				{3D76200D-D9DC-4867-B43D-749F6F359C90}.Release|Any CPU.ActiveCfg = Release|Any CPU
																																																																				{3D76200D-D9DC-4867-B43D-749F6F359C90}.Release|Any CPU.Build.0 = Release|Any CPU
																																																																				{FD0BF6F5-081D-4064-8A4F-0CB87BBBA281}.Debug|Any CPU.ActiveCfg = Debug|Any CPU
																																																																				{FD0BF6F5-081D-4064-8A4F-0CB87BBBA281}.Debug|Any CPU.Build.0 = Debug|Any CPU
																																																																				{FD0BF6F5-081D-4064-8A4F-0CB87BBBA281}.Release|Any CPU.ActiveCfg = Release|Any CPU
																																																																				{FD0BF6F5-081D-4064-8A4F-0CB87BBBA281}.Release|Any CPU.Build.0 = Release|Any CPU
																																																																				{5B9FEA74-DD6B-4582-A537-533CE25A0715}.Debug|Any CPU.ActiveCfg = Debug|Any CPU
																																																																				{5B9FEA74-DD6B-4582-A537-533CE25A0715}.Debug|Any CPU.Build.0 = Debug|Any CPU
																																																																				{5B9FEA74-DD6B-4582-A537-533CE25A0715}.Release|Any CPU.ActiveCfg = Release|Any CPU
																																																																				{5B9FEA74-DD6B-4582-A537-533CE25A0715}.Release|Any CPU.Build.0 = Release|Any CPU
																																																																				{86F9D0AC-6ED2-4245-9435-042A5984FFB9}.Debug|Any CPU.ActiveCfg = Debug|Any CPU
																																																																				{86F9D0AC-6ED2-4245-9435-042A5984FFB9}.Debug|Any CPU.Build.0 = Debug|Any CPU
																																																																				{86F9D0AC-6ED2-4245-9435-042A5984FFB9}.Release|Any CPU.ActiveCfg = Release|Any CPU
																																																																				{86F9D0AC-6ED2-4245-9435-042A5984FFB9}.Release|Any CPU.Build.0 = Release|Any CPU
																																																																				{029B7B92-DD20-41B4-AA2E-36BA3F1BBCAA}.Debug|Any CPU.ActiveCfg = Debug|Any CPU
																																																																				{029B7B92-DD20-41B4-AA2E-36BA3F1BBCAA}.Debug|Any CPU.Build.0 = Debug|Any CPU
																																																																				{029B7B92-DD20-41B4-AA2E-36BA3F1BBCAA}.Release|Any CPU.ActiveCfg = Release|Any CPU
																																																																				{029B7B92-DD20-41B4-AA2E-36BA3F1BBCAA}.Release|Any CPU.Build.0 = Release|Any CPU
																																																																				{D9194C34-C664-446F-8C14-222C708E865B}.Debug|Any CPU.ActiveCfg = Debug|Any CPU
																																																																				{D9194C34-C664-446F-8C14-222C708E865B}.Debug|Any CPU.Build.0 = Debug|Any CPU
																																																																				{D9194C34-C664-446F-8C14-222C708E865B}.Release|Any CPU.ActiveCfg = Release|Any CPU
																																																																				{D9194C34-C664-446F-8C14-222C708E865B}.Release|Any CPU.Build.0 = Release|Any CPU
																																																																				{E1C511BD-83E9-406A-86B2-193F670015C8}.Debug|Any CPU.ActiveCfg = Debug|Any CPU
																																																																				{E1C511BD-83E9-406A-86B2-193F670015C8}.Debug|Any CPU.Build.0 = Debug|Any CPU
																																																																				{E1C511BD-83E9-406A-86B2-193F670015C8}.Release|Any CPU.ActiveCfg = Release|Any CPU
																																																																				{E1C511BD-83E9-406A-86B2-193F670015C8}.Release|Any CPU.Build.0 = Release|Any CPU
																																																																				{17F9F278-C5D4-4596-9C63-107DF43BD282}.Debug|Any CPU.ActiveCfg = Debug|Any CPU
																																																																				{17F9F278-C5D4-4596-9C63-107DF43BD282}.Debug|Any CPU.Build.0 = Debug|Any CPU
																																																																				{17F9F278-C5D4-4596-9C63-107DF43BD282}.Release|Any CPU.ActiveCfg = Release|Any CPU
																																																																				{17F9F278-C5D4-4596-9C63-107DF43BD282}.Release|Any CPU.Build.0 = Release|Any CPU
																																																																				{ADEAFAE8-9121-42B0-96FC-E83BCAA93A60}.Debug|Any CPU.ActiveCfg = Debug|Any CPU
																																																																				{ADEAFAE8-9121-42B0-96FC-E83BCAA93A60}.Debug|Any CPU.Build.0 = Debug|Any CPU
																																																																				{ADEAFAE8-9121-42B0-96FC-E83BCAA93A60}.Release|Any CPU.ActiveCfg = Release|Any CPU
																																																																				{ADEAFAE8-9121-42B0-96FC-E83BCAA93A60}.Release|Any CPU.Build.0 = Release|Any CPU
																																																																				{D414B90A-24CC-498C-9A40-07C66917192D}.Debug|Any CPU.ActiveCfg = Debug|Any CPU
																																																																				{D414B90A-24CC-498C-9A40-07C66917192D}.Debug|Any CPU.Build.0 = Debug|Any CPU
																																																																				{D414B90A-24CC-498C-9A40-07C66917192D}.Release|Any CPU.ActiveCfg = Release|Any CPU
																																																																				{D414B90A-24CC-498C-9A40-07C66917192D}.Release|Any CPU.Build.0 = Release|Any CPU
																																																																				{363DEA9E-542A-4ECC-9769-085E7F2827A6}.Debug|Any CPU.ActiveCfg = Debug|Any CPU
																																																																				{363DEA9E-542A-4ECC-9769-085E7F2827A6}.Debug|Any CPU.Build.0 = Debug|Any CPU
																																																																				{363DEA9E-542A-4ECC-9769-085E7F2827A6}.Release|Any CPU.ActiveCfg = Release|Any CPU
																																																																				{363DEA9E-542A-4ECC-9769-085E7F2827A6}.Release|Any CPU.Build.0 = Release|Any CPU
																																																																				{E4B1224F-2785-49AD-BFFC-5BAE120EA57D}.Debug|Any CPU.ActiveCfg = Debug|Any CPU
																																																																				{E4B1224F-2785-49AD-BFFC-5BAE120EA57D}.Debug|Any CPU.Build.0 = Debug|Any CPU
																																																																				{E4B1224F-2785-49AD-BFFC-5BAE120EA57D}.Release|Any CPU.ActiveCfg = Release|Any CPU
																																																																				{E4B1224F-2785-49AD-BFFC-5BAE120EA57D}.Release|Any CPU.Build.0 = Release|Any CPU
																																																																				{08291942-C369-4929-AEC5-B83057FA092A}.Debug|Any CPU.ActiveCfg = Debug|Any CPU
																																																																				{08291942-C369-4929-AEC5-B83057FA092A}.Debug|Any CPU.Build.0 = Debug|Any CPU
																																																																				{08291942-C369-4929-AEC5-B83057FA092A}.Release|Any CPU.ActiveCfg = Release|Any CPU
																																																																				{08291942-C369-4929-AEC5-B83057FA092A}.Release|Any CPU.Build.0 = Release|Any CPU
																																																																				{3BE4FCEA-86E9-4138-8295-146752B2E9B2}.Debug|Any CPU.ActiveCfg = Debug|Any CPU
																																																																				{3BE4FCEA-86E9-4138-8295-146752B2E9B2}.Debug|Any CPU.Build.0 = Debug|Any CPU
																																																																				{3BE4FCEA-86E9-4138-8295-146752B2E9B2}.Release|Any CPU.ActiveCfg = Release|Any CPU
																																																																				{3BE4FCEA-86E9-4138-8295-146752B2E9B2}.Release|Any CPU.Build.0 = Release|Any CPU
																																																																				{04D434FD-A2F0-408E-AA11-5A76C7E987DA}.Debug|Any CPU.ActiveCfg = Debug|Any CPU
																																																																				{04D434FD-A2F0-408E-AA11-5A76C7E987DA}.Debug|Any CPU.Build.0 = Debug|Any CPU
																																																																				{04D434FD-A2F0-408E-AA11-5A76C7E987DA}.Release|Any CPU.ActiveCfg = Release|Any CPU
																																																																				{04D434FD-A2F0-408E-AA11-5A76C7E987DA}.Release|Any CPU.Build.0 = Release|Any CPU
																																																																				{F604DC68-D6CE-4A70-B971-C8F1285BEA99}.Debug|Any CPU.ActiveCfg = Debug|Any CPU
																																																																				{F604DC68-D6CE-4A70-B971-C8F1285BEA99}.Debug|Any CPU.Build.0 = Debug|Any CPU
																																																																				{F604DC68-D6CE-4A70-B971-C8F1285BEA99}.Release|Any CPU.ActiveCfg = Release|Any CPU
																																																																				{F604DC68-D6CE-4A70-B971-C8F1285BEA99}.Release|Any CPU.Build.0 = Release|Any CPU
																																																																				{B4D39D23-2C02-4C1A-A9A1-5D6C78BF1FAF}.Debug|Any CPU.ActiveCfg = Debug|Any CPU
																																																																				{B4D39D23-2C02-4C1A-A9A1-5D6C78BF1FAF}.Debug|Any CPU.Build.0 = Debug|Any CPU
																																																																				{B4D39D23-2C02-4C1A-A9A1-5D6C78BF1FAF}.Release|Any CPU.ActiveCfg = Release|Any CPU
																																																																				{B4D39D23-2C02-4C1A-A9A1-5D6C78BF1FAF}.Release|Any CPU.Build.0 = Release|Any CPU
																																																																				{43CA6E1E-84BE-4D4B-A6E8-381C2F7935F4}.Debug|Any CPU.ActiveCfg = Debug|Any CPU
																																																																				{43CA6E1E-84BE-4D4B-A6E8-381C2F7935F4}.Debug|Any CPU.Build.0 = Debug|Any CPU
																																																																				{43CA6E1E-84BE-4D4B-A6E8-381C2F7935F4}.Release|Any CPU.ActiveCfg = Release|Any CPU
																																																																				{43CA6E1E-84BE-4D4B-A6E8-381C2F7935F4}.Release|Any CPU.Build.0 = Release|Any CPU
																																																																				{76A9585C-04A7-4C23-8CCC-98BF2532A1F7}.Debug|Any CPU.ActiveCfg = Debug|Any CPU
																																																																				{76A9585C-04A7-4C23-8CCC-98BF2532A1F7}.Debug|Any CPU.Build.0 = Debug|Any CPU
																																																																				{76A9585C-04A7-4C23-8CCC-98BF2532A1F7}.Release|Any CPU.ActiveCfg = Release|Any CPU
																																																																				{76A9585C-04A7-4C23-8CCC-98BF2532A1F7}.Release|Any CPU.Build.0 = Release|Any CPU
																																																																				{1D7DCC83-6E4D-4C62-BBAF-C4DAB856FE23}.Debug|Any CPU.ActiveCfg = Debug|Any CPU
																																																																				{1D7DCC83-6E4D-4C62-BBAF-C4DAB856FE23}.Debug|Any CPU.Build.0 = Debug|Any CPU
																																																																				{1D7DCC83-6E4D-4C62-BBAF-C4DAB856FE23}.Release|Any CPU.ActiveCfg = Release|Any CPU
																																																																				{1D7DCC83-6E4D-4C62-BBAF-C4DAB856FE23}.Release|Any CPU.Build.0 = Release|Any CPU
																																																																				{1BDFAF58-EC3C-491E-813A-3F7EFCEDA25B}.Debug|Any CPU.ActiveCfg = Debug|Any CPU
																																																																				{1BDFAF58-EC3C-491E-813A-3F7EFCEDA25B}.Debug|Any CPU.Build.0 = Debug|Any CPU
																																																																				{1BDFAF58-EC3C-491E-813A-3F7EFCEDA25B}.Release|Any CPU.ActiveCfg = Release|Any CPU
																																																																				{1BDFAF58-EC3C-491E-813A-3F7EFCEDA25B}.Release|Any CPU.Build.0 = Release|Any CPU
																																																																				{B0426110-793E-4800-8C90-EB51437AD0FA}.Debug|Any CPU.ActiveCfg = Debug|Any CPU
																																																																				{B0426110-793E-4800-8C90-EB51437AD0FA}.Debug|Any CPU.Build.0 = Debug|Any CPU
																																																																				{B0426110-793E-4800-8C90-EB51437AD0FA}.Release|Any CPU.ActiveCfg = Release|Any CPU
																																																																				{B0426110-793E-4800-8C90-EB51437AD0FA}.Release|Any CPU.Build.0 = Release|Any CPU
																																																																				{87AF8B14-DD09-45CD-A7E7-8DA063BE420C}.Debug|Any CPU.ActiveCfg = Debug|Any CPU
																																																																				{87AF8B14-DD09-45CD-A7E7-8DA063BE420C}.Debug|Any CPU.Build.0 = Debug|Any CPU
																																																																				{87AF8B14-DD09-45CD-A7E7-8DA063BE420C}.Release|Any CPU.ActiveCfg = Release|Any CPU
																																																																				{87AF8B14-DD09-45CD-A7E7-8DA063BE420C}.Release|Any CPU.Build.0 = Release|Any CPU
																																																																				{6AC35F8A-F700-4A05-B02F-420F50856C83}.Debug|Any CPU.ActiveCfg = Debug|Any CPU
																																																																				{6AC35F8A-F700-4A05-B02F-420F50856C83}.Debug|Any CPU.Build.0 = Debug|Any CPU
																																																																				{6AC35F8A-F700-4A05-B02F-420F50856C83}.Release|Any CPU.ActiveCfg = Release|Any CPU
																																																																				{6AC35F8A-F700-4A05-B02F-420F50856C83}.Release|Any CPU.Build.0 = Release|Any CPU
																																																																				{352AA7A1-ADA9-48F6-9885-6C54BF62C8A0}.Debug|Any CPU.ActiveCfg = Debug|Any CPU
																																																																				{352AA7A1-ADA9-48F6-9885-6C54BF62C8A0}.Debug|Any CPU.Build.0 = Debug|Any CPU
																																																																				{352AA7A1-ADA9-48F6-9885-6C54BF62C8A0}.Release|Any CPU.ActiveCfg = Release|Any CPU
																																																																				{352AA7A1-ADA9-48F6-9885-6C54BF62C8A0}.Release|Any CPU.Build.0 = Release|Any CPU
																																																																				{5BA422E4-4DCA-4EEE-8C76-934C7DCDB991}.Debug|Any CPU.ActiveCfg = Debug|Any CPU
																																																																				{5BA422E4-4DCA-4EEE-8C76-934C7DCDB991}.Debug|Any CPU.Build.0 = Debug|Any CPU
																																																																				{5BA422E4-4DCA-4EEE-8C76-934C7DCDB991}.Release|Any CPU.ActiveCfg = Release|Any CPU
																																																																				{5BA422E4-4DCA-4EEE-8C76-934C7DCDB991}.Release|Any CPU.Build.0 = Release|Any CPU
																																																																				{76439CDB-C6E5-4343-811E-8C03FE341EA0}.Debug|Any CPU.ActiveCfg = Debug|Any CPU
																																																																				{76439CDB-C6E5-4343-811E-8C03FE341EA0}.Debug|Any CPU.Build.0 = Debug|Any CPU
																																																																				{76439CDB-C6E5-4343-811E-8C03FE341EA0}.Release|Any CPU.ActiveCfg = Release|Any CPU
																																																																				{76439CDB-C6E5-4343-811E-8C03FE341EA0}.Release|Any CPU.Build.0 = Release|Any CPU
																																																																				{C394D96F-585C-4B97-B989-1F9DD6A92113}.Debug|Any CPU.ActiveCfg = Debug|Any CPU
																																																																				{C394D96F-585C-4B97-B989-1F9DD6A92113}.Debug|Any CPU.Build.0 = Debug|Any CPU
																																																																				{C394D96F-585C-4B97-B989-1F9DD6A92113}.Release|Any CPU.ActiveCfg = Release|Any CPU
																																																																				{C394D96F-585C-4B97-B989-1F9DD6A92113}.Release|Any CPU.Build.0 = Release|Any CPU
																																																																				{12B9FE9B-34FC-4065-8D75-4D9A8A5254E1}.Debug|Any CPU.ActiveCfg = Debug|Any CPU
																																																																				{12B9FE9B-34FC-4065-8D75-4D9A8A5254E1}.Debug|Any CPU.Build.0 = Debug|Any CPU
																																																																				{12B9FE9B-34FC-4065-8D75-4D9A8A5254E1}.Release|Any CPU.ActiveCfg = Release|Any CPU
																																																																				{12B9FE9B-34FC-4065-8D75-4D9A8A5254E1}.Release|Any CPU.Build.0 = Release|Any CPU
																																																																				{9CCE7366-A6BA-4737-A116-0C6E91404C2E}.Debug|Any CPU.ActiveCfg = Debug|Any CPU
																																																																				{9CCE7366-A6BA-4737-A116-0C6E91404C2E}.Debug|Any CPU.Build.0 = Debug|Any CPU
																																																																				{9CCE7366-A6BA-4737-A116-0C6E91404C2E}.Release|Any CPU.ActiveCfg = Release|Any CPU
																																																																				{9CCE7366-A6BA-4737-A116-0C6E91404C2E}.Release|Any CPU.Build.0 = Release|Any CPU
																																																																				{E5AA0367-B4DE-4B7D-AA0D-819962FABADE}.Debug|Any CPU.ActiveCfg = Debug|Any CPU
																																																																				{E5AA0367-B4DE-4B7D-AA0D-819962FABADE}.Debug|Any CPU.Build.0 = Debug|Any CPU
																																																																				{E5AA0367-B4DE-4B7D-AA0D-819962FABADE}.Release|Any CPU.ActiveCfg = Release|Any CPU
																																																																				{E5AA0367-B4DE-4B7D-AA0D-819962FABADE}.Release|Any CPU.Build.0 = Release|Any CPU
																																																																				{558D41BC-71B7-4EE5-85C9-2819FFFD0791}.Debug|Any CPU.ActiveCfg = Debug|Any CPU
																																																																				{558D41BC-71B7-4EE5-85C9-2819FFFD0791}.Debug|Any CPU.Build.0 = Debug|Any CPU
																																																																				{558D41BC-71B7-4EE5-85C9-2819FFFD0791}.Release|Any CPU.ActiveCfg = Release|Any CPU
																																																																				{558D41BC-71B7-4EE5-85C9-2819FFFD0791}.Release|Any CPU.Build.0 = Release|Any CPU
																																																																				{EF3AAC68-A571-4B3E-8B38-EC8EBE8F32C9}.Debug|Any CPU.ActiveCfg = Debug|Any CPU
																																																																				{EF3AAC68-A571-4B3E-8B38-EC8EBE8F32C9}.Debug|Any CPU.Build.0 = Debug|Any CPU
																																																																				{EF3AAC68-A571-4B3E-8B38-EC8EBE8F32C9}.Release|Any CPU.ActiveCfg = Release|Any CPU
																																																																				{EF3AAC68-A571-4B3E-8B38-EC8EBE8F32C9}.Release|Any CPU.Build.0 = Release|Any CPU
																																																																				{5BABF7A0-7C68-463A-B4C2-365A3564C89B}.Debug|Any CPU.ActiveCfg = Debug|Any CPU
																																																																				{5BABF7A0-7C68-463A-B4C2-365A3564C89B}.Debug|Any CPU.Build.0 = Debug|Any CPU
																																																																				{5BABF7A0-7C68-463A-B4C2-365A3564C89B}.Release|Any CPU.ActiveCfg = Release|Any CPU
																																																																				{5BABF7A0-7C68-463A-B4C2-365A3564C89B}.Release|Any CPU.Build.0 = Release|Any CPU
																																																																				{5AAB794A-7694-40F5-AEB6-B56A34B3950E}.Debug|Any CPU.ActiveCfg = Debug|Any CPU
																																																																				{5AAB794A-7694-40F5-AEB6-B56A34B3950E}.Debug|Any CPU.Build.0 = Debug|Any CPU
																																																																				{5AAB794A-7694-40F5-AEB6-B56A34B3950E}.Release|Any CPU.ActiveCfg = Release|Any CPU
																																																																				{5AAB794A-7694-40F5-AEB6-B56A34B3950E}.Release|Any CPU.Build.0 = Release|Any CPU
																																																																				{2105D255-BA2D-4D54-8A60-5FAF97E37423}.Debug|Any CPU.ActiveCfg = Debug|Any CPU
																																																																				{2105D255-BA2D-4D54-8A60-5FAF97E37423}.Debug|Any CPU.Build.0 = Debug|Any CPU
																																																																				{2105D255-BA2D-4D54-8A60-5FAF97E37423}.Release|Any CPU.ActiveCfg = Release|Any CPU
																																																																				{2105D255-BA2D-4D54-8A60-5FAF97E37423}.Release|Any CPU.Build.0 = Release|Any CPU
																																																																				{E97B8F8E-6568-47C1-AE48-19DE207A85D9}.Debug|Any CPU.ActiveCfg = Debug|Any CPU
																																																																				{E97B8F8E-6568-47C1-AE48-19DE207A85D9}.Debug|Any CPU.Build.0 = Debug|Any CPU
																																																																				{E97B8F8E-6568-47C1-AE48-19DE207A85D9}.Release|Any CPU.ActiveCfg = Release|Any CPU
																																																																				{E97B8F8E-6568-47C1-AE48-19DE207A85D9}.Release|Any CPU.Build.0 = Release|Any CPU
																																																																				{093EA53F-15C5-404B-A259-5B57394EF585}.Debug|Any CPU.ActiveCfg = Debug|Any CPU
																																																																				{093EA53F-15C5-404B-A259-5B57394EF585}.Debug|Any CPU.Build.0 = Debug|Any CPU
																																																																				{093EA53F-15C5-404B-A259-5B57394EF585}.Release|Any CPU.ActiveCfg = Release|Any CPU
																																																																				{093EA53F-15C5-404B-A259-5B57394EF585}.Release|Any CPU.Build.0 = Release|Any CPU
																																																																	{CA5EEE96-A49D-4A9A-8F26-ED0F89007B23}.Debug|Any CPU.ActiveCfg = Debug|Any CPU
																																																																	{CA5EEE96-A49D-4A9A-8F26-ED0F89007B23}.Debug|Any CPU.Build.0 = Debug|Any CPU
																																																																	{CA5EEE96-A49D-4A9A-8F26-ED0F89007B23}.Release|Any CPU.ActiveCfg = Release|Any CPU
																																																																	{CA5EEE96-A49D-4A9A-8F26-ED0F89007B23}.Release|Any CPU.Build.0 = Release|Any CPU
																																																																	{9EAA25A4-F9CD-43D7-972D-1098EDF17B9C}.Debug|Any CPU.ActiveCfg = Debug|Any CPU
																																																																	{9EAA25A4-F9CD-43D7-972D-1098EDF17B9C}.Debug|Any CPU.Build.0 = Debug|Any CPU
																																																																	{9EAA25A4-F9CD-43D7-972D-1098EDF17B9C}.Release|Any CPU.ActiveCfg = Release|Any CPU
																																																																	{9EAA25A4-F9CD-43D7-972D-1098EDF17B9C}.Release|Any CPU.Build.0 = Release|Any CPU
																																																																	{B1062790-A813-4218-BD52-195D05510834}.Debug|Any CPU.ActiveCfg = Debug|Any CPU
																																																																	{B1062790-A813-4218-BD52-195D05510834}.Debug|Any CPU.Build.0 = Debug|Any CPU
																																																																	{B1062790-A813-4218-BD52-195D05510834}.Release|Any CPU.ActiveCfg = Release|Any CPU
																																																																	{B1062790-A813-4218-BD52-195D05510834}.Release|Any CPU.Build.0 = Release|Any CPU
																																																																	{E33F052F-635D-4EDC-87AE-779C07EEF082}.Debug|Any CPU.ActiveCfg = Debug|Any CPU
																																																																	{E33F052F-635D-4EDC-87AE-779C07EEF082}.Debug|Any CPU.Build.0 = Debug|Any CPU
																																																																	{E33F052F-635D-4EDC-87AE-779C07EEF082}.Release|Any CPU.ActiveCfg = Release|Any CPU
																																																																	{E33F052F-635D-4EDC-87AE-779C07EEF082}.Release|Any CPU.Build.0 = Release|Any CPU
																																																																	{7DDF4F9C-EC2F-436C-8E30-CAF47AAFC682}.Debug|Any CPU.ActiveCfg = Debug|Any CPU
																																																																	{7DDF4F9C-EC2F-436C-8E30-CAF47AAFC682}.Debug|Any CPU.Build.0 = Debug|Any CPU
																																																																	{7DDF4F9C-EC2F-436C-8E30-CAF47AAFC682}.Release|Any CPU.ActiveCfg = Release|Any CPU
																																																																	{7DDF4F9C-EC2F-436C-8E30-CAF47AAFC682}.Release|Any CPU.Build.0 = Release|Any CPU
																																																																	{B7257160-C8F4-4600-A3D2-D63C3AEF602B}.Debug|Any CPU.ActiveCfg = Debug|Any CPU
																																																																	{B7257160-C8F4-4600-A3D2-D63C3AEF602B}.Debug|Any CPU.Build.0 = Debug|Any CPU
																																																																	{B7257160-C8F4-4600-A3D2-D63C3AEF602B}.Release|Any CPU.ActiveCfg = Release|Any CPU
																																																																	{B7257160-C8F4-4600-A3D2-D63C3AEF602B}.Release|Any CPU.Build.0 = Release|Any CPU
																																																																	{9A78A6EA-D198-427B-914D-469F17C894F2}.Debug|Any CPU.ActiveCfg = Debug|Any CPU
																																																																	{9A78A6EA-D198-427B-914D-469F17C894F2}.Debug|Any CPU.Build.0 = Debug|Any CPU
																																																																	{9A78A6EA-D198-427B-914D-469F17C894F2}.Release|Any CPU.ActiveCfg = Release|Any CPU
																																																																	{9A78A6EA-D198-427B-914D-469F17C894F2}.Release|Any CPU.Build.0 = Release|Any CPU
																																																																	{1E211521-C733-4816-AA9F-384A5CC253D8}.Debug|Any CPU.ActiveCfg = Debug|Any CPU
																																																																	{1E211521-C733-4816-AA9F-384A5CC253D8}.Debug|Any CPU.Build.0 = Debug|Any CPU
																																																																	{1E211521-C733-4816-AA9F-384A5CC253D8}.Release|Any CPU.ActiveCfg = Release|Any CPU
																																																																	{1E211521-C733-4816-AA9F-384A5CC253D8}.Release|Any CPU.Build.0 = Release|Any CPU
																																																																	{83EE201B-F16F-41C5-8CED-E9B44C83DA63}.Debug|Any CPU.ActiveCfg = Debug|Any CPU
																																																																	{83EE201B-F16F-41C5-8CED-E9B44C83DA63}.Debug|Any CPU.Build.0 = Debug|Any CPU
																																																																	{83EE201B-F16F-41C5-8CED-E9B44C83DA63}.Release|Any CPU.ActiveCfg = Release|Any CPU
																																																																	{83EE201B-F16F-41C5-8CED-E9B44C83DA63}.Release|Any CPU.Build.0 = Release|Any CPU
																																																																	{EC0D765B-85F6-485C-8120-DC3CDF8FD27F}.Debug|Any CPU.ActiveCfg = Debug|Any CPU
																																																																	{EC0D765B-85F6-485C-8120-DC3CDF8FD27F}.Debug|Any CPU.Build.0 = Debug|Any CPU
																																																																	{EC0D765B-85F6-485C-8120-DC3CDF8FD27F}.Release|Any CPU.ActiveCfg = Release|Any CPU
																																																																	{EC0D765B-85F6-485C-8120-DC3CDF8FD27F}.Release|Any CPU.Build.0 = Release|Any CPU
																																																																	{BA899D13-7691-40CD-8BD2-F630C8B7A00E}.Debug|Any CPU.ActiveCfg = Debug|Any CPU
																																																																	{BA899D13-7691-40CD-8BD2-F630C8B7A00E}.Debug|Any CPU.Build.0 = Debug|Any CPU
																																																																	{BA899D13-7691-40CD-8BD2-F630C8B7A00E}.Release|Any CPU.ActiveCfg = Release|Any CPU
																																																																	{BA899D13-7691-40CD-8BD2-F630C8B7A00E}.Release|Any CPU.Build.0 = Release|Any CPU
																																																																	{D0C04978-90A5-4C58-977B-8D5EBF58CC5E}.Debug|Any CPU.ActiveCfg = Debug|Any CPU
																																																																	{D0C04978-90A5-4C58-977B-8D5EBF58CC5E}.Debug|Any CPU.Build.0 = Debug|Any CPU
																																																																	{D0C04978-90A5-4C58-977B-8D5EBF58CC5E}.Release|Any CPU.ActiveCfg = Release|Any CPU
																																																																	{D0C04978-90A5-4C58-977B-8D5EBF58CC5E}.Release|Any CPU.Build.0 = Release|Any CPU
																																																																	{28708375-18C7-4FF7-8416-63D43598F41E}.Debug|Any CPU.ActiveCfg = Debug|Any CPU
																																																																	{28708375-18C7-4FF7-8416-63D43598F41E}.Debug|Any CPU.Build.0 = Debug|Any CPU
																																																																	{28708375-18C7-4FF7-8416-63D43598F41E}.Release|Any CPU.ActiveCfg = Release|Any CPU
																																																																	{28708375-18C7-4FF7-8416-63D43598F41E}.Release|Any CPU.Build.0 = Release|Any CPU
																																																																	{ECBF24CA-7F78-43FB-ABE2-142ACA5CD656}.Debug|Any CPU.ActiveCfg = Debug|Any CPU
																																																																	{ECBF24CA-7F78-43FB-ABE2-142ACA5CD656}.Debug|Any CPU.Build.0 = Debug|Any CPU
																																																																	{ECBF24CA-7F78-43FB-ABE2-142ACA5CD656}.Release|Any CPU.ActiveCfg = Release|Any CPU
																																																																	{ECBF24CA-7F78-43FB-ABE2-142ACA5CD656}.Release|Any CPU.Build.0 = Release|Any CPU
																																																																EndGlobalSection
																																																																GlobalSection(SolutionProperties) = preSolution
																																																																																																																																HideSolutionNode = FALSE
																																																																EndGlobalSection
																																																																GlobalSection(NestedProjects) = preSolution
																																																																																																																																{CE9CF055-04C1-4A05-8D93-AC16323BCBA0} = {CB307D0E-CFAC-4BA3-BE1B-9C5C2A0929A0}
																																																																																																																																{61490EA5-1790-4F57-B7E6-A0A966FB4C33} = {CB307D0E-CFAC-4BA3-BE1B-9C5C2A0929A0}
																																																																																																																																{C04A475D-00A2-4F87-B111-A0108CFAFA15} = {CB307D0E-CFAC-4BA3-BE1B-9C5C2A0929A0}
																																																																																																																																{04CFEB9D-63E6-4748-A35C-2A93F6BE297A} = {CB307D0E-CFAC-4BA3-BE1B-9C5C2A0929A0}
																																																																																																																																{FB686E2F-86B5-43BE-8B02-2EA04B15F6D4} = {CB307D0E-CFAC-4BA3-BE1B-9C5C2A0929A0}
																																																																																																																																{38E5CE51-76A9-40D7-9F3F-673360B64482} = {CB307D0E-CFAC-4BA3-BE1B-9C5C2A0929A0}
																																																																																																																																{7562C8D6-273D-498F-B253-B8CAD47E0E97} = {CB307D0E-CFAC-4BA3-BE1B-9C5C2A0929A0}
																																																																																																																																{9995FCD5-B308-4BEA-9A23-2C51D5C6AF8A} = {CB307D0E-CFAC-4BA3-BE1B-9C5C2A0929A0}
																																																																				{94F84353-8749-47DA-9D46-F24B7CD0EF01} = {CB307D0E-CFAC-4BA3-BE1B-9C5C2A0929A0}
																																																																				{B420A5D1-0F5A-443E-9006-8BCD49628E6B} = {CB307D0E-CFAC-4BA3-BE1B-9C5C2A0929A0}
																																																																				{989C45DD-11F8-431B-850D-CC5952B24892} = {CB307D0E-CFAC-4BA3-BE1B-9C5C2A0929A0}
																																																																				{175BA581-01DC-4CCA-9A77-0C45C654EF11} = {CB307D0E-CFAC-4BA3-BE1B-9C5C2A0929A0}
																																																																				{3D76200D-D9DC-4867-B43D-749F6F359C90} = {CB307D0E-CFAC-4BA3-BE1B-9C5C2A0929A0}
																																																																				{FD0BF6F5-081D-4064-8A4F-0CB87BBBA281} = {CB307D0E-CFAC-4BA3-BE1B-9C5C2A0929A0}
																																																																				{5B9FEA74-DD6B-4582-A537-533CE25A0715} = {CB307D0E-CFAC-4BA3-BE1B-9C5C2A0929A0}
																																																																				{86F9D0AC-6ED2-4245-9435-042A5984FFB9} = {CB307D0E-CFAC-4BA3-BE1B-9C5C2A0929A0}
																																																																				{029B7B92-DD20-41B4-AA2E-36BA3F1BBCAA} = {CB307D0E-CFAC-4BA3-BE1B-9C5C2A0929A0}
																																																																				{D9194C34-C664-446F-8C14-222C708E865B} = {CB307D0E-CFAC-4BA3-BE1B-9C5C2A0929A0}
																																																																				{E1C511BD-83E9-406A-86B2-193F670015C8} = {CB307D0E-CFAC-4BA3-BE1B-9C5C2A0929A0}
																																																																				{17F9F278-C5D4-4596-9C63-107DF43BD282} = {CB307D0E-CFAC-4BA3-BE1B-9C5C2A0929A0}
																																																																				{D414B90A-24CC-498C-9A40-07C66917192D} = {0DB4C5C5-A8EE-43BA-B74C-5034A809E187}
																																																																				{ADEAFAE8-9121-42B0-96FC-E83BCAA93A60} = {CB307D0E-CFAC-4BA3-BE1B-9C5C2A0929A0}
																																																																				{363DEA9E-542A-4ECC-9769-085E7F2827A6} = {4A003753-E9E9-4FF6-B636-9C9644C4C509}
																																																																				{E4B1224F-2785-49AD-BFFC-5BAE120EA57D} = {CB307D0E-CFAC-4BA3-BE1B-9C5C2A0929A0}
																																																																				{08291942-C369-4929-AEC5-B83057FA092A} = {CB307D0E-CFAC-4BA3-BE1B-9C5C2A0929A0}
																																																																				{3BE4FCEA-86E9-4138-8295-146752B2E9B2} = {CB307D0E-CFAC-4BA3-BE1B-9C5C2A0929A0}
																																																																				{04D434FD-A2F0-408E-AA11-5A76C7E987DA} = {CB307D0E-CFAC-4BA3-BE1B-9C5C2A0929A0}
																																																																				{F604DC68-D6CE-4A70-B971-C8F1285BEA99} = {CB307D0E-CFAC-4BA3-BE1B-9C5C2A0929A0}
																																																																				{B4D39D23-2C02-4C1A-A9A1-5D6C78BF1FAF} = {CB307D0E-CFAC-4BA3-BE1B-9C5C2A0929A0}
																																																																				{43CA6E1E-84BE-4D4B-A6E8-381C2F7935F4} = {CB307D0E-CFAC-4BA3-BE1B-9C5C2A0929A0}
																																																																				{76A9585C-04A7-4C23-8CCC-98BF2532A1F7} = {CB307D0E-CFAC-4BA3-BE1B-9C5C2A0929A0}
																																																																				{1D7DCC83-6E4D-4C62-BBAF-C4DAB856FE23} = {CB307D0E-CFAC-4BA3-BE1B-9C5C2A0929A0}
																																																																				{1BDFAF58-EC3C-491E-813A-3F7EFCEDA25B} = {CB307D0E-CFAC-4BA3-BE1B-9C5C2A0929A0}
																																																																				{B0426110-793E-4800-8C90-EB51437AD0FA} = {CB307D0E-CFAC-4BA3-BE1B-9C5C2A0929A0}
																																																																				{6AC35F8A-F700-4A05-B02F-420F50856C83} = {0DB4C5C5-A8EE-43BA-B74C-5034A809E187}
																																																																				{87AF8B14-DD09-45CD-A7E7-8DA063BE420C} = {CB307D0E-CFAC-4BA3-BE1B-9C5C2A0929A0}
																																																																				{352AA7A1-ADA9-48F6-9885-6C54BF62C8A0} = {CB307D0E-CFAC-4BA3-BE1B-9C5C2A0929A0}
																																																																				{5BA422E4-4DCA-4EEE-8C76-934C7DCDB991} = {CB307D0E-CFAC-4BA3-BE1B-9C5C2A0929A0}
																																																																				{76439CDB-C6E5-4343-811E-8C03FE341EA0} = {CB307D0E-CFAC-4BA3-BE1B-9C5C2A0929A0}
																																																																				{C394D96F-585C-4B97-B989-1F9DD6A92113} = {CB307D0E-CFAC-4BA3-BE1B-9C5C2A0929A0}
																																																																				{12B9FE9B-34FC-4065-8D75-4D9A8A5254E1} = {CB307D0E-CFAC-4BA3-BE1B-9C5C2A0929A0}
																																																																				{9CCE7366-A6BA-4737-A116-0C6E91404C2E} = {CB307D0E-CFAC-4BA3-BE1B-9C5C2A0929A0}
																																																																				{558D41BC-71B7-4EE5-85C9-2819FFFD0791} = {CB307D0E-CFAC-4BA3-BE1B-9C5C2A0929A0}
																																																																				{EF3AAC68-A571-4B3E-8B38-EC8EBE8F32C9} = {CB307D0E-CFAC-4BA3-BE1B-9C5C2A0929A0}
																																																																				{5BABF7A0-7C68-463A-B4C2-365A3564C89B} = {CB307D0E-CFAC-4BA3-BE1B-9C5C2A0929A0}
																																																																				{E5AA0367-B4DE-4B7D-AA0D-819962FABADE} = {CB307D0E-CFAC-4BA3-BE1B-9C5C2A0929A0}
																																																																				{5AAB794A-7694-40F5-AEB6-B56A34B3950E} = {CB307D0E-CFAC-4BA3-BE1B-9C5C2A0929A0}
																																																																				{2105D255-BA2D-4D54-8A60-5FAF97E37423} = {CB307D0E-CFAC-4BA3-BE1B-9C5C2A0929A0}
																																																																				{E97B8F8E-6568-47C1-AE48-19DE207A85D9} = {CB307D0E-CFAC-4BA3-BE1B-9C5C2A0929A0}
																																																																				{093EA53F-15C5-404B-A259-5B57394EF585} = {CB307D0E-CFAC-4BA3-BE1B-9C5C2A0929A0}
																																																																	{CA5EEE96-A49D-4A9A-8F26-ED0F89007B23} = {0DB4C5C5-A8EE-43BA-B74C-5034A809E187}
																																																																	{9EAA25A4-F9CD-43D7-972D-1098EDF17B9C} = {CB307D0E-CFAC-4BA3-BE1B-9C5C2A0929A0}
																																																																	{B1062790-A813-4218-BD52-195D05510834} = {CB307D0E-CFAC-4BA3-BE1B-9C5C2A0929A0}
																																																																	{E33F052F-635D-4EDC-87AE-779C07EEF082} = {CB307D0E-CFAC-4BA3-BE1B-9C5C2A0929A0}
																																																																	{7DDF4F9C-EC2F-436C-8E30-CAF47AAFC682} = {CB307D0E-CFAC-4BA3-BE1B-9C5C2A0929A0}
																																																																	{B7257160-C8F4-4600-A3D2-D63C3AEF602B} = {CB307D0E-CFAC-4BA3-BE1B-9C5C2A0929A0}
																																																																	{9A78A6EA-D198-427B-914D-469F17C894F2} = {CB307D0E-CFAC-4BA3-BE1B-9C5C2A0929A0}
																																																																	{1E211521-C733-4816-AA9F-384A5CC253D8} = {CB307D0E-CFAC-4BA3-BE1B-9C5C2A0929A0}
																																																																	{83EE201B-F16F-41C5-8CED-E9B44C83DA63} = {CB307D0E-CFAC-4BA3-BE1B-9C5C2A0929A0}
																																																																	{EC0D765B-85F6-485C-8120-DC3CDF8FD27F} = {CB307D0E-CFAC-4BA3-BE1B-9C5C2A0929A0}
																																																																	{BA899D13-7691-40CD-8BD2-F630C8B7A00E} = {CB307D0E-CFAC-4BA3-BE1B-9C5C2A0929A0}
																																																																	{D0C04978-90A5-4C58-977B-8D5EBF58CC5E} = {CB307D0E-CFAC-4BA3-BE1B-9C5C2A0929A0}
																																																																	{28708375-18C7-4FF7-8416-63D43598F41E} = {CB307D0E-CFAC-4BA3-BE1B-9C5C2A0929A0}
																																																																	{ECBF24CA-7F78-43FB-ABE2-142ACA5CD656} = {CB307D0E-CFAC-4BA3-BE1B-9C5C2A0929A0}
																																																																EndGlobalSection
EndGlobal
