
Microsoft Visual Studio Solution File, Format Version 12.00
# Visual Studio 2013
VisualStudioVersion = 12.0.0.0
MinimumVisualStudioVersion = 10.0.0.1
Project("{2150E333-8FDC-42A3-9474-1A3956D46DE8}") = "solved", "solved", "{CB307D0E-CFAC-4BA3-BE1B-9C5C2A0929A0}"
EndProject
Project("{FAE04EC0-301F-11D3-BF4B-00C04F79EFBC}") = "WordLadder2", "0126_WordLadder2\WordLadder2.csproj", "{CE9CF055-04C1-4A05-8D93-AC16323BCBA0}"
EndProject
Project("{FAE04EC0-301F-11D3-BF4B-00C04F79EFBC}") = "Quiz24Game", "0679_24Game\24Game.csproj", "{61490EA5-1790-4F57-B7E6-A0A966FB4C33}"
EndProject
Project("{FAE04EC0-301F-11D3-BF4B-00C04F79EFBC}") = "AddTwoNumbers", "0002_AddTwoNumbers\AddTwoNumbers.csproj", "{C04A475D-00A2-4F87-B111-A0108CFAFA15}"
EndProject
Project("{FAE04EC0-301F-11D3-BF4B-00C04F79EFBC}") = "StringToInteger", "0008_StringToInteger\StringToInteger.csproj", "{04CFEB9D-63E6-4748-A35C-2A93F6BE297A}"
EndProject
Project("{FAE04EC0-301F-11D3-BF4B-00C04F79EFBC}") = "ShiftingLetters", "0848_ShiftingLetters\ShiftingLetters.csproj", "{FB686E2F-86B5-43BE-8B02-2EA04B15F6D4}"
EndProject
Project("{FAE04EC0-301F-11D3-BF4B-00C04F79EFBC}") = "_Template", "_Template\_Template.csproj", "{5537B266-1AEA-4788-8273-3891CDB59FA2}"
EndProject
Project("{2150E333-8FDC-42A3-9474-1A3956D46DE8}") = "job-interview", "job-interview", "{A407B540-5AC7-49B8-AFA8-0162293E7E95}"
EndProject
Project("{FAE04EC0-301F-11D3-BF4B-00C04F79EFBC}") = "QSort", "QSort\QSort.csproj", "{E802A7E2-FB49-4842-A8CB-F7D3BEDA0813}"
EndProject
Project("{FAE04EC0-301F-11D3-BF4B-00C04F79EFBC}") = "StrongPasswordChecker", "0420_StrongPasswordChecker\StrongPasswordChecker.csproj", "{752CB03E-76C6-479F-BD09-8843B14C61CC}"
EndProject
Project("{FAE04EC0-301F-11D3-BF4B-00C04F79EFBC}") = "PrimePalindrome", "0866_PrimePalindrome\PrimePalindrome.csproj", "{38E5CE51-76A9-40D7-9F3F-673360B64482}"
EndProject
Project("{FAE04EC0-301F-11D3-BF4B-00C04F79EFBC}") = "PrintInOrder", "1114_PrintInOrder\PrintInOrder.csproj", "{7562C8D6-273D-498F-B253-B8CAD47E0E97}"
EndProject
Project("{FAE04EC0-301F-11D3-BF4B-00C04F79EFBC}") = "MyCalendarTwo", "0731_MyCalendarTwo\MyCalendarTwo.csproj", "{9995FCD5-B308-4BEA-9A23-2C51D5C6AF8A}"
EndProject
Project("{2150E333-8FDC-42A3-9474-1A3956D46DE8}") = "unsolved", "unsolved", "{4A003753-E9E9-4FF6-B636-9C9644C4C509}"
EndProject
Project("{FAE04EC0-301F-11D3-BF4B-00C04F79EFBC}") = "MyCalendarThree", "0732_MyCalendarThree\MyCalendarThree.csproj", "{94F84353-8749-47DA-9D46-F24B7CD0EF01}"
EndProject
Project("{FAE04EC0-301F-11D3-BF4B-00C04F79EFBC}") = "MyCalendar", "0729_MyCalendar\MyCalendar.csproj", "{B420A5D1-0F5A-443E-9006-8BCD49628E6B}"
EndProject
Project("{FAE04EC0-301F-11D3-BF4B-00C04F79EFBC}") = "FactorialTrailingZeroes", "0172_FactorialTrailingZeroes\FactorialTrailingZeroes.csproj", "{989C45DD-11F8-431B-850D-CC5952B24892}"
EndProject
Project("{FAE04EC0-301F-11D3-BF4B-00C04F79EFBC}") = "MaxPoints", "0149_MaxPoints\MaxPoints.csproj", "{175BA581-01DC-4CCA-9A77-0C45C654EF11}"
EndProject
Project("{FAE04EC0-301F-11D3-BF4B-00C04F79EFBC}") = "SolveEquation", "0640_SolveEquation\SolveEquation.csproj", "{3D76200D-D9DC-4867-B43D-749F6F359C90}"
EndProject
Project("{FAE04EC0-301F-11D3-BF4B-00C04F79EFBC}") = "RussianDollEnvelopes", "0354_RussianDollEnvelopes\RussianDollEnvelopes.csproj", "{FD0BF6F5-081D-4064-8A4F-0CB87BBBA281}"
EndProject
Project("{FAE04EC0-301F-11D3-BF4B-00C04F79EFBC}") = "LongestIncreasingSubsequence", "0300_LongestIncreasingSubsequence\LongestIncreasingSubsequence.csproj", "{5B9FEA74-DD6B-4582-A537-533CE25A0715}"
EndProject
Project("{FAE04EC0-301F-11D3-BF4B-00C04F79EFBC}") = "Sqrtx", "0069_Sqrtx\Sqrtx.csproj", "{86F9D0AC-6ED2-4245-9435-042A5984FFB9}"
EndProject
Project("{FAE04EC0-301F-11D3-BF4B-00C04F79EFBC}") = "ValidPerfectSquare", "0367_ValidPerfectSquare\ValidPerfectSquare.csproj", "{029B7B92-DD20-41B4-AA2E-36BA3F1BBCAA}"
EndProject
Project("{FAE04EC0-301F-11D3-BF4B-00C04F79EFBC}") = "Pow", "0050_Pow\Pow.csproj", "{D9194C34-C664-446F-8C14-222C708E865B}"
EndProject
Global
																GlobalSection(SolutionConfigurationPlatforms) = preSolution
																																Debug|Any CPU = Debug|Any CPU
																																Release|Any CPU = Release|Any CPU
																EndGlobalSection
																GlobalSection(ProjectConfigurationPlatforms) = postSolution
																																{CE9CF055-04C1-4A05-8D93-AC16323BCBA0}.Debug|Any CPU.ActiveCfg = Debug|Any CPU
																																{CE9CF055-04C1-4A05-8D93-AC16323BCBA0}.Debug|Any CPU.Build.0 = Debug|Any CPU
																																{CE9CF055-04C1-4A05-8D93-AC16323BCBA0}.Release|Any CPU.ActiveCfg = Release|Any CPU
																																{CE9CF055-04C1-4A05-8D93-AC16323BCBA0}.Release|Any CPU.Build.0 = Release|Any CPU
																																{61490EA5-1790-4F57-B7E6-A0A966FB4C33}.Debug|Any CPU.ActiveCfg = Debug|Any CPU
																																{61490EA5-1790-4F57-B7E6-A0A966FB4C33}.Debug|Any CPU.Build.0 = Debug|Any CPU
																																{61490EA5-1790-4F57-B7E6-A0A966FB4C33}.Release|Any CPU.ActiveCfg = Release|Any CPU
																																{61490EA5-1790-4F57-B7E6-A0A966FB4C33}.Release|Any CPU.Build.0 = Release|Any CPU
																																{C04A475D-00A2-4F87-B111-A0108CFAFA15}.Debug|Any CPU.ActiveCfg = Debug|Any CPU
																																{C04A475D-00A2-4F87-B111-A0108CFAFA15}.Debug|Any CPU.Build.0 = Debug|Any CPU
																																{C04A475D-00A2-4F87-B111-A0108CFAFA15}.Release|Any CPU.ActiveCfg = Release|Any CPU
																																{C04A475D-00A2-4F87-B111-A0108CFAFA15}.Release|Any CPU.Build.0 = Release|Any CPU
																																{04CFEB9D-63E6-4748-A35C-2A93F6BE297A}.Debug|Any CPU.ActiveCfg = Debug|Any CPU
																																{04CFEB9D-63E6-4748-A35C-2A93F6BE297A}.Debug|Any CPU.Build.0 = Debug|Any CPU
																																{04CFEB9D-63E6-4748-A35C-2A93F6BE297A}.Release|Any CPU.ActiveCfg = Release|Any CPU
																																{04CFEB9D-63E6-4748-A35C-2A93F6BE297A}.Release|Any CPU.Build.0 = Release|Any CPU
																																{FB686E2F-86B5-43BE-8B02-2EA04B15F6D4}.Debug|Any CPU.ActiveCfg = Debug|Any CPU
																																{FB686E2F-86B5-43BE-8B02-2EA04B15F6D4}.Debug|Any CPU.Build.0 = Debug|Any CPU
																																{FB686E2F-86B5-43BE-8B02-2EA04B15F6D4}.Release|Any CPU.ActiveCfg = Release|Any CPU
																																{FB686E2F-86B5-43BE-8B02-2EA04B15F6D4}.Release|Any CPU.Build.0 = Release|Any CPU
																																{5537B266-1AEA-4788-8273-3891CDB59FA2}.Debug|Any CPU.ActiveCfg = Debug|Any CPU
																																{5537B266-1AEA-4788-8273-3891CDB59FA2}.Debug|Any CPU.Build.0 = Debug|Any CPU
																																{5537B266-1AEA-4788-8273-3891CDB59FA2}.Release|Any CPU.ActiveCfg = Release|Any CPU
																																{5537B266-1AEA-4788-8273-3891CDB59FA2}.Release|Any CPU.Build.0 = Release|Any CPU
																																{E802A7E2-FB49-4842-A8CB-F7D3BEDA0813}.Debug|Any CPU.ActiveCfg = Debug|Any CPU
																																{E802A7E2-FB49-4842-A8CB-F7D3BEDA0813}.Debug|Any CPU.Build.0 = Debug|Any CPU
																																{E802A7E2-FB49-4842-A8CB-F7D3BEDA0813}.Release|Any CPU.ActiveCfg = Release|Any CPU
																																{E802A7E2-FB49-4842-A8CB-F7D3BEDA0813}.Release|Any CPU.Build.0 = Release|Any CPU
																																{752CB03E-76C6-479F-BD09-8843B14C61CC}.Debug|Any CPU.ActiveCfg = Debug|Any CPU
																																{752CB03E-76C6-479F-BD09-8843B14C61CC}.Debug|Any CPU.Build.0 = Debug|Any CPU
																																{752CB03E-76C6-479F-BD09-8843B14C61CC}.Release|Any CPU.ActiveCfg = Release|Any CPU
																																{752CB03E-76C6-479F-BD09-8843B14C61CC}.Release|Any CPU.Build.0 = Release|Any CPU
																																{38E5CE51-76A9-40D7-9F3F-673360B64482}.Debug|Any CPU.ActiveCfg = Debug|Any CPU
																																{38E5CE51-76A9-40D7-9F3F-673360B64482}.Debug|Any CPU.Build.0 = Debug|Any CPU
																																{38E5CE51-76A9-40D7-9F3F-673360B64482}.Release|Any CPU.ActiveCfg = Release|Any CPU
																																{38E5CE51-76A9-40D7-9F3F-673360B64482}.Release|Any CPU.Build.0 = Release|Any CPU
																																{7562C8D6-273D-498F-B253-B8CAD47E0E97}.Debug|Any CPU.ActiveCfg = Debug|Any CPU
																																{7562C8D6-273D-498F-B253-B8CAD47E0E97}.Debug|Any CPU.Build.0 = Debug|Any CPU
																																{7562C8D6-273D-498F-B253-B8CAD47E0E97}.Release|Any CPU.ActiveCfg = Release|Any CPU
																																{7562C8D6-273D-498F-B253-B8CAD47E0E97}.Release|Any CPU.Build.0 = Release|Any CPU
																																{9995FCD5-B308-4BEA-9A23-2C51D5C6AF8A}.Debug|Any CPU.ActiveCfg = Debug|Any CPU
																																{9995FCD5-B308-4BEA-9A23-2C51D5C6AF8A}.Debug|Any CPU.Build.0 = Debug|Any CPU
																																{9995FCD5-B308-4BEA-9A23-2C51D5C6AF8A}.Release|Any CPU.ActiveCfg = Release|Any CPU
																																{9995FCD5-B308-4BEA-9A23-2C51D5C6AF8A}.Release|Any CPU.Build.0 = Release|Any CPU
																	{94F84353-8749-47DA-9D46-F24B7CD0EF01}.Debug|Any CPU.ActiveCfg = Debug|Any CPU
																	{94F84353-8749-47DA-9D46-F24B7CD0EF01}.Debug|Any CPU.Build.0 = Debug|Any CPU
																	{94F84353-8749-47DA-9D46-F24B7CD0EF01}.Release|Any CPU.ActiveCfg = Release|Any CPU
																	{94F84353-8749-47DA-9D46-F24B7CD0EF01}.Release|Any CPU.Build.0 = Release|Any CPU
																	{B420A5D1-0F5A-443E-9006-8BCD49628E6B}.Debug|Any CPU.ActiveCfg = Debug|Any CPU
																	{B420A5D1-0F5A-443E-9006-8BCD49628E6B}.Debug|Any CPU.Build.0 = Debug|Any CPU
																	{B420A5D1-0F5A-443E-9006-8BCD49628E6B}.Release|Any CPU.ActiveCfg = Release|Any CPU
																	{B420A5D1-0F5A-443E-9006-8BCD49628E6B}.Release|Any CPU.Build.0 = Release|Any CPU
																	{989C45DD-11F8-431B-850D-CC5952B24892}.Debug|Any CPU.ActiveCfg = Debug|Any CPU
																	{989C45DD-11F8-431B-850D-CC5952B24892}.Debug|Any CPU.Build.0 = Debug|Any CPU
																	{989C45DD-11F8-431B-850D-CC5952B24892}.Release|Any CPU.ActiveCfg = Release|Any CPU
																	{989C45DD-11F8-431B-850D-CC5952B24892}.Release|Any CPU.Build.0 = Release|Any CPU
																	{175BA581-01DC-4CCA-9A77-0C45C654EF11}.Debug|Any CPU.ActiveCfg = Debug|Any CPU
																	{175BA581-01DC-4CCA-9A77-0C45C654EF11}.Debug|Any CPU.Build.0 = Debug|Any CPU
																	{175BA581-01DC-4CCA-9A77-0C45C654EF11}.Release|Any CPU.ActiveCfg = Release|Any CPU
																	{175BA581-01DC-4CCA-9A77-0C45C654EF11}.Release|Any CPU.Build.0 = Release|Any CPU
																	{3D76200D-D9DC-4867-B43D-749F6F359C90}.Debug|Any CPU.ActiveCfg = Debug|Any CPU
																	{3D76200D-D9DC-4867-B43D-749F6F359C90}.Debug|Any CPU.Build.0 = Debug|Any CPU
																	{3D76200D-D9DC-4867-B43D-749F6F359C90}.Release|Any CPU.ActiveCfg = Release|Any CPU
																	{3D76200D-D9DC-4867-B43D-749F6F359C90}.Release|Any CPU.Build.0 = Release|Any CPU
																	{FD0BF6F5-081D-4064-8A4F-0CB87BBBA281}.Debug|Any CPU.ActiveCfg = Debug|Any CPU
																	{FD0BF6F5-081D-4064-8A4F-0CB87BBBA281}.Debug|Any CPU.Build.0 = Debug|Any CPU
																	{FD0BF6F5-081D-4064-8A4F-0CB87BBBA281}.Release|Any CPU.ActiveCfg = Release|Any CPU
																	{FD0BF6F5-081D-4064-8A4F-0CB87BBBA281}.Release|Any CPU.Build.0 = Release|Any CPU
																	{5B9FEA74-DD6B-4582-A537-533CE25A0715}.Debug|Any CPU.ActiveCfg = Debug|Any CPU
																	{5B9FEA74-DD6B-4582-A537-533CE25A0715}.Debug|Any CPU.Build.0 = Debug|Any CPU
																	{5B9FEA74-DD6B-4582-A537-533CE25A0715}.Release|Any CPU.ActiveCfg = Release|Any CPU
																	{5B9FEA74-DD6B-4582-A537-533CE25A0715}.Release|Any CPU.Build.0 = Release|Any CPU
																	{86F9D0AC-6ED2-4245-9435-042A5984FFB9}.Debug|Any CPU.ActiveCfg = Debug|Any CPU
																	{86F9D0AC-6ED2-4245-9435-042A5984FFB9}.Debug|Any CPU.Build.0 = Debug|Any CPU
																	{86F9D0AC-6ED2-4245-9435-042A5984FFB9}.Release|Any CPU.ActiveCfg = Release|Any CPU
																	{86F9D0AC-6ED2-4245-9435-042A5984FFB9}.Release|Any CPU.Build.0 = Release|Any CPU
																	{029B7B92-DD20-41B4-AA2E-36BA3F1BBCAA}.Debug|Any CPU.ActiveCfg = Debug|Any CPU
																	{029B7B92-DD20-41B4-AA2E-36BA3F1BBCAA}.Debug|Any CPU.Build.0 = Debug|Any CPU
																	{029B7B92-DD20-41B4-AA2E-36BA3F1BBCAA}.Release|Any CPU.ActiveCfg = Release|Any CPU
																	{029B7B92-DD20-41B4-AA2E-36BA3F1BBCAA}.Release|Any CPU.Build.0 = Release|Any CPU
																	{D9194C34-C664-446F-8C14-222C708E865B}.Debug|Any CPU.ActiveCfg = Debug|Any CPU
																	{D9194C34-C664-446F-8C14-222C708E865B}.Debug|Any CPU.Build.0 = Debug|Any CPU
																	{D9194C34-C664-446F-8C14-222C708E865B}.Release|Any CPU.ActiveCfg = Release|Any CPU
																	{D9194C34-C664-446F-8C14-222C708E865B}.Release|Any CPU.Build.0 = Release|Any CPU
																EndGlobalSection
																GlobalSection(SolutionProperties) = preSolution
																																HideSolutionNode = FALSE
																EndGlobalSection
																GlobalSection(NestedProjects) = preSolution
																																{CE9CF055-04C1-4A05-8D93-AC16323BCBA0} = {CB307D0E-CFAC-4BA3-BE1B-9C5C2A0929A0}
																																{61490EA5-1790-4F57-B7E6-A0A966FB4C33} = {CB307D0E-CFAC-4BA3-BE1B-9C5C2A0929A0}
																																{C04A475D-00A2-4F87-B111-A0108CFAFA15} = {CB307D0E-CFAC-4BA3-BE1B-9C5C2A0929A0}
																																{04CFEB9D-63E6-4748-A35C-2A93F6BE297A} = {CB307D0E-CFAC-4BA3-BE1B-9C5C2A0929A0}
																																{FB686E2F-86B5-43BE-8B02-2EA04B15F6D4} = {CB307D0E-CFAC-4BA3-BE1B-9C5C2A0929A0}
																																{E802A7E2-FB49-4842-A8CB-F7D3BEDA0813} = {A407B540-5AC7-49B8-AFA8-0162293E7E95}
																																{38E5CE51-76A9-40D7-9F3F-673360B64482} = {CB307D0E-CFAC-4BA3-BE1B-9C5C2A0929A0}
																																{7562C8D6-273D-498F-B253-B8CAD47E0E97} = {CB307D0E-CFAC-4BA3-BE1B-9C5C2A0929A0}
																																{9995FCD5-B308-4BEA-9A23-2C51D5C6AF8A} = {CB307D0E-CFAC-4BA3-BE1B-9C5C2A0929A0}
																				{752CB03E-76C6-479F-BD09-8843B14C61CC} = {4A003753-E9E9-4FF6-B636-9C9644C4C509}
																	{94F84353-8749-47DA-9D46-F24B7CD0EF01} = {CB307D0E-CFAC-4BA3-BE1B-9C5C2A0929A0}
																	{B420A5D1-0F5A-443E-9006-8BCD49628E6B} = {CB307D0E-CFAC-4BA3-BE1B-9C5C2A0929A0}
																	{989C45DD-11F8-431B-850D-CC5952B24892} = {CB307D0E-CFAC-4BA3-BE1B-9C5C2A0929A0}
																	{175BA581-01DC-4CCA-9A77-0C45C654EF11} = {CB307D0E-CFAC-4BA3-BE1B-9C5C2A0929A0}
																	{3D76200D-D9DC-4867-B43D-749F6F359C90} = {CB307D0E-CFAC-4BA3-BE1B-9C5C2A0929A0}
																	{FD0BF6F5-081D-4064-8A4F-0CB87BBBA281} = {CB307D0E-CFAC-4BA3-BE1B-9C5C2A0929A0}
																	{5B9FEA74-DD6B-4582-A537-533CE25A0715} = {CB307D0E-CFAC-4BA3-BE1B-9C5C2A0929A0}
																	{86F9D0AC-6ED2-4245-9435-042A5984FFB9} = {CB307D0E-CFAC-4BA3-BE1B-9C5C2A0929A0}
																	{029B7B92-DD20-41B4-AA2E-36BA3F1BBCAA} = {CB307D0E-CFAC-4BA3-BE1B-9C5C2A0929A0}
																	{D9194C34-C664-446F-8C14-222C708E865B} = {CB307D0E-CFAC-4BA3-BE1B-9C5C2A0929A0}
																EndGlobalSection
EndGlobal
